
Microsoft Visual Studio Solution File, Format Version 12.00
# Visual Studio Version 16
VisualStudioVersion = 16.0.30804.86
MinimumVisualStudioVersion = 10.0.40219.1
Project("{FAE04EC0-301F-11D3-BF4B-00C04F79EFBC}") = "dropbox03", "dropbox03.csproj", "{B9B48E1C-8B21-44B8-B43A-9EF1C4725C11}"
EndProject
Global
	GlobalSection(SolutionConfigurationPlatforms) = preSolution
		Debug|Any CPU = Debug|Any CPU
		Release|Any CPU = Release|Any CPU
	EndGlobalSection
	GlobalSection(ProjectConfigurationPlatforms) = postSolution
		{B9B48E1C-8B21-44B8-B43A-9EF1C4725C11}.Debug|Any CPU.ActiveCfg = Debug|Any CPU
		{B9B48E1C-8B21-44B8-B43A-9EF1C4725C11}.Debug|Any CPU.Build.0 = Debug|Any CPU
		{B9B48E1C-8B21-44B8-B43A-9EF1C4725C11}.Release|Any CPU.ActiveCfg = Release|Any CPU
		{B9B48E1C-8B21-44B8-B43A-9EF1C4725C11}.Release|Any CPU.Build.0 = Release|Any CPU
	EndGlobalSection
	GlobalSection(SolutionProperties) = preSolution
		HideSolutionNode = FALSE
	EndGlobalSection
	GlobalSection(ExtensibilityGlobals) = postSolution
		SolutionGuid = {59BDB33F-70D3-4E82-A56F-754D848F9D43}
	EndGlobalSection
EndGlobal
